
Microsoft Visual Studio Solution File, Format Version 12.00
# Visual Studio Version 16
VisualStudioVersion = 16.0.30330.147
MinimumVisualStudioVersion = 10.0.40219.1
Project("{FAE04EC0-301F-11D3-BF4B-00C04F79EFBC}") = "ProjetoAluno", "ProjetoAluno\ProjetoAluno.csproj", "{9ADB2398-4515-4794-AB4F-CEA0761ED2AF}"
EndProject
Global
	GlobalSection(SolutionConfigurationPlatforms) = preSolution
		Debug|Any CPU = Debug|Any CPU
		Release|Any CPU = Release|Any CPU
	EndGlobalSection
	GlobalSection(ProjectConfigurationPlatforms) = postSolution
		{9ADB2398-4515-4794-AB4F-CEA0761ED2AF}.Debug|Any CPU.ActiveCfg = Debug|Any CPU
		{9ADB2398-4515-4794-AB4F-CEA0761ED2AF}.Debug|Any CPU.Build.0 = Debug|Any CPU
		{9ADB2398-4515-4794-AB4F-CEA0761ED2AF}.Release|Any CPU.ActiveCfg = Release|Any CPU
		{9ADB2398-4515-4794-AB4F-CEA0761ED2AF}.Release|Any CPU.Build.0 = Release|Any CPU
	EndGlobalSection
	GlobalSection(SolutionProperties) = preSolution
		HideSolutionNode = FALSE
	EndGlobalSection
	GlobalSection(ExtensibilityGlobals) = postSolution
		SolutionGuid = {B24396B3-DBD5-4F5C-963E-8A58132EB0F6}
	EndGlobalSection
EndGlobal
